<?xml version="1.0" encoding="utf-8"?>
<Project ToolsVersion="4.0" xmlns="http://schemas.microsoft.com/developer/msbuild/2003">
  <ItemGroup>
    <ClCompile Include="Login.cpp" />
    <ClCompile Include="..\Base\Ini.cpp">
      <Filter>Base</Filter>
    </ClCompile>
    <ClCompile Include="..\Base\Assert.cpp">
      <Filter>Base</Filter>
    </ClCompile>
    <ClCompile Include="..\Base\Config.cpp">
      <Filter>Base</Filter>
    </ClCompile>
    <ClCompile Include="MySQLTest.cpp" />
  </ItemGroup>
  <ItemGroup>
    <ClInclude Include="LoginDefines.h" />
    <ClInclude Include="..\Base\Ini.h">
      <Filter>Base</Filter>
    </ClInclude>
    <ClInclude Include="..\Base\BaseType.h">
      <Filter>Base</Filter>
    </ClInclude>
    <ClInclude Include="..\Base\Assert.h">
      <Filter>Base</Filter>
    </ClInclude>
    <ClInclude Include="..\Base\Config.h">
      <Filter>Base</Filter>
    </ClInclude>
    <ClInclude Include="..\Base\Define.h">
      <Filter>Base</Filter>
    </ClInclude>
    <ClInclude Include="..\Base\FileDef.h">
      <Filter>Base</Filter>
    </ClInclude>
    <ClInclude Include="..\Base\otlv4.h">
      <Filter>Base\DataBase</Filter>
    </ClInclude>
    <ClInclude Include="MySQLTest.h" />
    <ClInclude Include="..\Base\DB_Struct.h" />
    <ClInclude Include="..\Base\OtlDefine.h">
      <Filter>Base\DataBase</Filter>
    </ClInclude>
  </ItemGroup>
  <ItemGroup>
    <Filter Include="Base">
      <UniqueIdentifier>{55e1aea2-8c9b-4190-b9f5-0e2a0ed134a5}</UniqueIdentifier>
    </Filter>
    <Filter Include="Base\DataBase">
      <UniqueIdentifier>{7702777d-15e5-490a-8a17-e98fa2f298b4}</UniqueIdentifier>
    </Filter>
  </ItemGroup>
</Project>